
Microsoft Visual Studio Solution File, Format Version 12.00
# Visual Studio Version 16
VisualStudioVersion = 16.0.29519.181
MinimumVisualStudioVersion = 10.0.40219.1
Project("{FAE04EC0-301F-11D3-BF4B-00C04F79EFBC}") = "Software Testisting First Project", "Software Testisting First Project\Software Testisting First Project.csproj", "{FF1F96E4-32B5-47DF-AAD1-A1AA41D33268}"
EndProject
Project("{FAE04EC0-301F-11D3-BF4B-00C04F79EFBC}") = "NUnitTestForFactorial", "NUnitTestForFactorial\NUnitTestForFactorial.csproj", "{9E1CF2E2-42E1-48DC-9AED-1D60DB9D54A9}"
EndProject
Global
	GlobalSection(SolutionConfigurationPlatforms) = preSolution
		Debug|Any CPU = Debug|Any CPU
		Release|Any CPU = Release|Any CPU
	EndGlobalSection
	GlobalSection(ProjectConfigurationPlatforms) = postSolution
		{FF1F96E4-32B5-47DF-AAD1-A1AA41D33268}.Debug|Any CPU.ActiveCfg = Debug|Any CPU
		{FF1F96E4-32B5-47DF-AAD1-A1AA41D33268}.Debug|Any CPU.Build.0 = Debug|Any CPU
		{FF1F96E4-32B5-47DF-AAD1-A1AA41D33268}.Release|Any CPU.ActiveCfg = Release|Any CPU
		{FF1F96E4-32B5-47DF-AAD1-A1AA41D33268}.Release|Any CPU.Build.0 = Release|Any CPU
		{9E1CF2E2-42E1-48DC-9AED-1D60DB9D54A9}.Debug|Any CPU.ActiveCfg = Debug|Any CPU
		{9E1CF2E2-42E1-48DC-9AED-1D60DB9D54A9}.Debug|Any CPU.Build.0 = Debug|Any CPU
		{9E1CF2E2-42E1-48DC-9AED-1D60DB9D54A9}.Release|Any CPU.ActiveCfg = Release|Any CPU
		{9E1CF2E2-42E1-48DC-9AED-1D60DB9D54A9}.Release|Any CPU.Build.0 = Release|Any CPU
	EndGlobalSection
	GlobalSection(SolutionProperties) = preSolution
		HideSolutionNode = FALSE
	EndGlobalSection
	GlobalSection(ExtensibilityGlobals) = postSolution
		SolutionGuid = {0DF14437-059C-4A46-9DFC-D4580C1CF289}
	EndGlobalSection
EndGlobal
